
Microsoft Visual Studio Solution File, Format Version 12.00
# Visual Studio Version 17
VisualStudioVersion = 17.8.34322.80
MinimumVisualStudioVersion = 10.0.40219.1
Project("{8BC9CEB8-8B4A-11D0-8D11-00A0C91BC942}") = "ResNet_TemplateMatching", "ResNet_TemplateMatching\ResNet_TemplateMatching.vcxproj", "{6FBF04B2-4D38-4D83-A65D-23B76E38D9A5}"
EndProject
Global
	GlobalSection(SolutionConfigurationPlatforms) = preSolution
		Debug|x64 = Debug|x64
		Debug|x86 = Debug|x86
		Release|x64 = Release|x64
		Release|x86 = Release|x86
	EndGlobalSection
	GlobalSection(ProjectConfigurationPlatforms) = postSolution
		{6FBF04B2-4D38-4D83-A65D-23B76E38D9A5}.Debug|x64.ActiveCfg = Debug|x64
		{6FBF04B2-4D38-4D83-A65D-23B76E38D9A5}.Debug|x64.Build.0 = Debug|x64
		{6FBF04B2-4D38-4D83-A65D-23B76E38D9A5}.Debug|x86.ActiveCfg = Debug|Win32
		{6FBF04B2-4D38-4D83-A65D-23B76E38D9A5}.Debug|x86.Build.0 = Debug|Win32
		{6FBF04B2-4D38-4D83-A65D-23B76E38D9A5}.Release|x64.ActiveCfg = Release|x64
		{6FBF04B2-4D38-4D83-A65D-23B76E38D9A5}.Release|x64.Build.0 = Release|x64
		{6FBF04B2-4D38-4D83-A65D-23B76E38D9A5}.Release|x86.ActiveCfg = Release|Win32
		{6FBF04B2-4D38-4D83-A65D-23B76E38D9A5}.Release|x86.Build.0 = Release|Win32
	EndGlobalSection
	GlobalSection(SolutionProperties) = preSolution
		HideSolutionNode = FALSE
	EndGlobalSection
	GlobalSection(ExtensibilityGlobals) = postSolution
		SolutionGuid = {8AEFE273-7517-4FC6-BF72-3C81612B2A88}
	EndGlobalSection
EndGlobal
